
Microsoft Visual Studio Solution File, Format Version 12.00
# Visual Studio Version 16
VisualStudioVersion = 16.0.32413.511
MinimumVisualStudioVersion = 10.0.40219.1
Project("{FAE04EC0-301F-11D3-BF4B-00C04F79EFBC}") = "Guru99", "Guru99\Guru99.csproj", "{48F915C0-8BBA-4B45-8A9C-997EC1F38036}"
EndProject
Global
	GlobalSection(SolutionConfigurationPlatforms) = preSolution
		Debug|Any CPU = Debug|Any CPU
		Release|Any CPU = Release|Any CPU
	EndGlobalSection
	GlobalSection(ProjectConfigurationPlatforms) = postSolution
		{48F915C0-8BBA-4B45-8A9C-997EC1F38036}.Debug|Any CPU.ActiveCfg = Debug|Any CPU
		{48F915C0-8BBA-4B45-8A9C-997EC1F38036}.Debug|Any CPU.Build.0 = Debug|Any CPU
		{48F915C0-8BBA-4B45-8A9C-997EC1F38036}.Release|Any CPU.ActiveCfg = Release|Any CPU
		{48F915C0-8BBA-4B45-8A9C-997EC1F38036}.Release|Any CPU.Build.0 = Release|Any CPU
	EndGlobalSection
	GlobalSection(SolutionProperties) = preSolution
		HideSolutionNode = FALSE
	EndGlobalSection
	GlobalSection(ExtensibilityGlobals) = postSolution
		SolutionGuid = {E8FF9E98-A96C-4F49-9D63-E1B0BA09EB84}
	EndGlobalSection
EndGlobal
